
Microsoft Visual Studio Solution File, Format Version 12.00
# Visual Studio 15
Project("{FAE04EC0-301F-11D3-BF4B-00C04F79EFBC}") = "MvcAdoDemo", "MvcAdoDemo.csproj", "{75CB7C25-AB21-4FEF-A966-196A1B051253}"
EndProject
Global
	GlobalSection(SolutionConfigurationPlatforms) = preSolution
		Debug|Any CPU = Debug|Any CPU
		Release|Any CPU = Release|Any CPU
	EndGlobalSection
	GlobalSection(ProjectConfigurationPlatforms) = postSolution
		{75CB7C25-AB21-4FEF-A966-196A1B051253}.Debug|Any CPU.ActiveCfg = Debug|Any CPU
		{75CB7C25-AB21-4FEF-A966-196A1B051253}.Debug|Any CPU.Build.0 = Debug|Any CPU
		{75CB7C25-AB21-4FEF-A966-196A1B051253}.Release|Any CPU.ActiveCfg = Release|Any CPU
		{75CB7C25-AB21-4FEF-A966-196A1B051253}.Release|Any CPU.Build.0 = Release|Any CPU
	EndGlobalSection
EndGlobal
